
Microsoft Visual Studio Solution File, Format Version 12.00
# Visual Studio Version 17
VisualStudioVersion = 17.10.35013.160
MinimumVisualStudioVersion = 10.0.40219.1
Project("{F184B08F-C81C-45F6-A57F-5ABD9991F28F}") = "SlidelyFormApp", "SlidelyFormApp\SlidelyFormApp.vbproj", "{3116F788-9E03-4FD6-87FD-9260B82454D7}"
EndProject
Global
	GlobalSection(SolutionConfigurationPlatforms) = preSolution
		Debug|Any CPU = Debug|Any CPU
		Release|Any CPU = Release|Any CPU
	EndGlobalSection
	GlobalSection(ProjectConfigurationPlatforms) = postSolution
		{3116F788-9E03-4FD6-87FD-9260B82454D7}.Debug|Any CPU.ActiveCfg = Debug|Any CPU
		{3116F788-9E03-4FD6-87FD-9260B82454D7}.Debug|Any CPU.Build.0 = Debug|Any CPU
		{3116F788-9E03-4FD6-87FD-9260B82454D7}.Release|Any CPU.ActiveCfg = Release|Any CPU
		{3116F788-9E03-4FD6-87FD-9260B82454D7}.Release|Any CPU.Build.0 = Release|Any CPU
	EndGlobalSection
	GlobalSection(SolutionProperties) = preSolution
		HideSolutionNode = FALSE
	EndGlobalSection
	GlobalSection(ExtensibilityGlobals) = postSolution
		SolutionGuid = {D1850431-DFBB-4D9C-84CF-98B4B763168C}
	EndGlobalSection
EndGlobal
